{
  "name": "quillmark-web",
  "version": "1.0.0",
  "lockfileVersion": 3,
  "requires": true,
  "packages": {
    "": {
      "name": "quillmark-web",
      "version": "1.0.0",
      "license": "ISC",
      "dependencies": {
        "@quillmark-test/fixtures": "^0.0.34",
        "@quillmark-test/wasm": "^0.0.34"
      }
    },
    "node_modules/@quillmark-test/fixtures": {
      "version": "0.0.34",
      "resolved": "https://registry.npmjs.org/@quillmark-test/fixtures/-/fixtures-0.0.34.tgz",
      "integrity": "sha512-pdsThzQKGeFXGlJN4yYAhuvla1ktUcVEeyaS5mHJGA9HUGKziYZ15u63guHFOyM/shPB8+XQw1asmdeAVgpZnA==",
      "license": "MIT"
    },
    "node_modules/@quillmark-test/wasm": {
      "version": "0.0.34",
      "resolved": "https://registry.npmjs.org/@quillmark-test/wasm/-/wasm-0.0.34.tgz",
      "integrity": "sha512-SjvAnzHtx6abEkD3px5r5mP0tzhMOfAG4Ox6Bx5mv2BN+bZiL7z3JyBlFznTSpLzwBOLg/bv4g1hxiiMGk/Jhw==",
      "license": "Apache-2.0"
    }
  }
}
